// !$*UTF8*$!
{
	archiveVersion = 1;
	classes = {
	};
	objectVersion = 56;
	objects = {

/* Begin PBXBuildFile section */
		8B8E3D9A2AE8390F009D9E7E /* SwiftUIThienCodevApp.swift in Sources */ = {isa = PBXBuildFile; fileRef = 8B8E3D982AE8390F009D9E7E /* SwiftUIThienCodevApp.swift */; };
		8B8E3D9B2AE8390F009D9E7E /* Helper.swift in Sources */ = {isa = PBXBuildFile; fileRef = 8B8E3D992AE8390F009D9E7E /* Helper.swift */; };
		8B8E3D9D2AE83B99009D9E7E /* Logic.swift in Sources */ = {isa = PBXBuildFile; fileRef = 8B8E3D9C2AE83B99009D9E7E /* Logic.swift */; };
		8B8E3DA02AE96BBF009D9E7E /* ParalaxScrolling.swift in Sources */ = {isa = PBXBuildFile; fileRef = 8B8E3D9F2AE96BBF009D9E7E /* ParalaxScrolling.swift */; };
		A204A1D22ADFB54700EDEF21 /* Clock in Frameworks */ = {isa = PBXBuildFile; productRef = A204A1D12ADFB54700EDEF21 /* Clock */; };
		A2137CE22AE67AEE00788B97 /* MagicCircle.swift in Sources */ = {isa = PBXBuildFile; fileRef = A2137CE12AE67AEE00788B97 /* MagicCircle.swift */; };
		A285D46A2AD927F300DF45EE /* ContentView.swift in Sources */ = {isa = PBXBuildFile; fileRef = A285D4692AD927F300DF45EE /* ContentView.swift */; };
		A285D4762ADD33C800DF45EE /* CustomView.xib in Resources */ = {isa = PBXBuildFile; fileRef = A285D4752ADD33C800DF45EE /* CustomView.xib */; };
		A285D4782ADD354F00DF45EE /* CustomView.swift in Sources */ = {isa = PBXBuildFile; fileRef = A285D4772ADD354F00DF45EE /* CustomView.swift */; };
		A285D47C2ADD3B5500DF45EE /* CustomItemView.xib in Resources */ = {isa = PBXBuildFile; fileRef = A285D47B2ADD3B5500DF45EE /* CustomItemView.xib */; };
		A285D47E2ADD3BB800DF45EE /* CustomItemView.swift in Sources */ = {isa = PBXBuildFile; fileRef = A285D47D2ADD3BB800DF45EE /* CustomItemView.swift */; };
		A285D4802ADD446700DF45EE /* CustomViewSwiftUI.swift in Sources */ = {isa = PBXBuildFile; fileRef = A285D47F2ADD446700DF45EE /* CustomViewSwiftUI.swift */; };
		A2AC73182AE12DDF00EAFE3C /* LoginView.swift in Sources */ = {isa = PBXBuildFile; fileRef = A2AC73172AE12DDF00EAFE3C /* LoginView.swift */; };
		A2B8372C2AE2697300B524C8 /* DemoPhindAI.swift in Sources */ = {isa = PBXBuildFile; fileRef = A2B8372B2AE2697300B524C8 /* DemoPhindAI.swift */; };
		A2B837302AE6072C00B524C8 /* DemoPhindAIVM.swift in Sources */ = {isa = PBXBuildFile; fileRef = A2B8372F2AE6072C00B524C8 /* DemoPhindAIVM.swift */; };
		A2DD04002AE227A3004C2A86 /* LoginVM.swift in Sources */ = {isa = PBXBuildFile; fileRef = A2DD03FF2AE227A3004C2A86 /* LoginVM.swift */; };
/* End PBXBuildFile section */

/* Begin PBXFileReference section */
		8B8E3D982AE8390F009D9E7E /* SwiftUIThienCodevApp.swift */ = {isa = PBXFileReference; fileEncoding = 4; lastKnownFileType = sourcecode.swift; path = SwiftUIThienCodevApp.swift; sourceTree = "<group>"; };
		8B8E3D992AE8390F009D9E7E /* Helper.swift */ = {isa = PBXFileReference; fileEncoding = 4; lastKnownFileType = sourcecode.swift; path = Helper.swift; sourceTree = "<group>"; };
		8B8E3D9C2AE83B99009D9E7E /* Logic.swift */ = {isa = PBXFileReference; lastKnownFileType = sourcecode.swift; path = Logic.swift; sourceTree = "<group>"; };
		8B8E3D9F2AE96BBF009D9E7E /* ParalaxScrolling.swift */ = {isa = PBXFileReference; lastKnownFileType = sourcecode.swift; path = ParalaxScrolling.swift; sourceTree = "<group>"; };
		A204A1CF2ADFB37C00EDEF21 /* Clock */ = {isa = PBXFileReference; lastKnownFileType = text; path = Clock; sourceTree = SOURCE_ROOT; };
		A2137CE12AE67AEE00788B97 /* MagicCircle.swift */ = {isa = PBXFileReference; lastKnownFileType = sourcecode.swift; path = MagicCircle.swift; sourceTree = "<group>"; };
		A285D4642AD927F300DF45EE /* SwiftUIThienCodev.app */ = {isa = PBXFileReference; explicitFileType = wrapper.application; includeInIndex = 0; path = SwiftUIThienCodev.app; sourceTree = BUILT_PRODUCTS_DIR; };
		A285D4692AD927F300DF45EE /* ContentView.swift */ = {isa = PBXFileReference; lastKnownFileType = sourcecode.swift; path = ContentView.swift; sourceTree = "<group>"; };
		A285D4752ADD33C800DF45EE /* CustomView.xib */ = {isa = PBXFileReference; lastKnownFileType = file.xib; path = CustomView.xib; sourceTree = "<group>"; };
		A285D4772ADD354F00DF45EE /* CustomView.swift */ = {isa = PBXFileReference; lastKnownFileType = sourcecode.swift; path = CustomView.swift; sourceTree = "<group>"; };
		A285D47B2ADD3B5500DF45EE /* CustomItemView.xib */ = {isa = PBXFileReference; lastKnownFileType = file.xib; path = CustomItemView.xib; sourceTree = "<group>"; };
		A285D47D2ADD3BB800DF45EE /* CustomItemView.swift */ = {isa = PBXFileReference; lastKnownFileType = sourcecode.swift; path = CustomItemView.swift; sourceTree = "<group>"; };
		A285D47F2ADD446700DF45EE /* CustomViewSwiftUI.swift */ = {isa = PBXFileReference; lastKnownFileType = sourcecode.swift; path = CustomViewSwiftUI.swift; sourceTree = "<group>"; };
		A2AC73172AE12DDF00EAFE3C /* LoginView.swift */ = {isa = PBXFileReference; lastKnownFileType = sourcecode.swift; path = LoginView.swift; sourceTree = "<group>"; };
		A2B8372B2AE2697300B524C8 /* DemoPhindAI.swift */ = {isa = PBXFileReference; lastKnownFileType = sourcecode.swift; path = DemoPhindAI.swift; sourceTree = "<group>"; };
		A2B8372F2AE6072C00B524C8 /* DemoPhindAIVM.swift */ = {isa = PBXFileReference; lastKnownFileType = sourcecode.swift; path = DemoPhindAIVM.swift; sourceTree = "<group>"; };
		A2DD03FF2AE227A3004C2A86 /* LoginVM.swift */ = {isa = PBXFileReference; lastKnownFileType = sourcecode.swift; path = LoginVM.swift; sourceTree = "<group>"; };
/* End PBXFileReference section */

/* Begin PBXFrameworksBuildPhase section */
		A285D4612AD927F300DF45EE /* Frameworks */ = {
			isa = PBXFrameworksBuildPhase;
			buildActionMask = 2147483647;
			files = (
				A204A1D22ADFB54700EDEF21 /* Clock in Frameworks */,
			);
			runOnlyForDeploymentPostprocessing = 0;
		};
/* End PBXFrameworksBuildPhase section */

/* Begin PBXGroup section */
		8B8E3D912AE8384E009D9E7E /* Views */ = {
			isa = PBXGroup;
			children = (
				8B8E3D932AE83878009D9E7E /* SwiftUI */,
				8B8E3D922AE83866009D9E7E /* UIKit */,
			);
			path = Views;
			sourceTree = "<group>";
		};
		8B8E3D922AE83866009D9E7E /* UIKit */ = {
			isa = PBXGroup;
			children = (
				A285D47F2ADD446700DF45EE /* CustomViewSwiftUI.swift */,
				A285D4752ADD33C800DF45EE /* CustomView.xib */,
				A285D4772ADD354F00DF45EE /* CustomView.swift */,
				A285D47B2ADD3B5500DF45EE /* CustomItemView.xib */,
				A285D47D2ADD3BB800DF45EE /* CustomItemView.swift */,
			);
			path = UIKit;
			sourceTree = "<group>";
		};
		8B8E3D932AE83878009D9E7E /* SwiftUI */ = {
			isa = PBXGroup;
			children = (
				8B8E3D9E2AE96BA5009D9E7E /* Paralax Scrolling */,
				8B8E3D952AE838AF009D9E7E /* Animations */,
				8B8E3D942AE8389A009D9E7E /* Login */,
				A285D4692AD927F300DF45EE /* ContentView.swift */,
			);
			path = SwiftUI;
			sourceTree = "<group>";
		};
		8B8E3D942AE8389A009D9E7E /* Login */ = {
			isa = PBXGroup;
			children = (
				A2AC73172AE12DDF00EAFE3C /* LoginView.swift */,
				A2DD03FF2AE227A3004C2A86 /* LoginVM.swift */,
			);
			path = Login;
			sourceTree = "<group>";
		};
		8B8E3D952AE838AF009D9E7E /* Animations */ = {
			isa = PBXGroup;
			children = (
				A2B8372F2AE6072C00B524C8 /* DemoPhindAIVM.swift */,
				A2B8372B2AE2697300B524C8 /* DemoPhindAI.swift */,
				A2137CE12AE67AEE00788B97 /* MagicCircle.swift */,
			);
			path = Animations;
			sourceTree = "<group>";
		};
		8B8E3D972AE8390F009D9E7E /* Application */ = {
			isa = PBXGroup;
			children = (
				8B8E3D982AE8390F009D9E7E /* SwiftUIThienCodevApp.swift */,
				8B8E3D992AE8390F009D9E7E /* Helper.swift */,
				8B8E3D9C2AE83B99009D9E7E /* Logic.swift */,
			);
			path = Application;
			sourceTree = "<group>";
		};
		8B8E3D9E2AE96BA5009D9E7E /* Paralax Scrolling */ = {
			isa = PBXGroup;
			children = (
				8B8E3D9F2AE96BBF009D9E7E /* ParalaxScrolling.swift */,
			);
			path = "Paralax Scrolling";
			sourceTree = "<group>";
		};
		A204A1D02ADFB54700EDEF21 /* Frameworks */ = {
			isa = PBXGroup;
			children = (
			);
			name = Frameworks;
			sourceTree = "<group>";
		};
		A285D45B2AD927F300DF45EE = {
			isa = PBXGroup;
			children = (
				A285D4662AD927F300DF45EE /* SwiftUIThienCodev */,
				A285D4652AD927F300DF45EE /* Products */,
				A204A1D02ADFB54700EDEF21 /* Frameworks */,
			);
			sourceTree = "<group>";
		};
		A285D4652AD927F300DF45EE /* Products */ = {
			isa = PBXGroup;
			children = (
				A285D4642AD927F300DF45EE /* SwiftUIThienCodev.app */,
			);
			name = Products;
			sourceTree = "<group>";
		};
		A285D4662AD927F300DF45EE /* SwiftUIThienCodev */ = {
			isa = PBXGroup;
			children = (
				A204A1CF2ADFB37C00EDEF21 /* Clock */,
				A285D46D2AD927F600DF45EE /* Preview Content */,
				8B8E3D972AE8390F009D9E7E /* Application */,
				8B8E3D912AE8384E009D9E7E /* Views */,
			);
			path = SwiftUIThienCodev;
			sourceTree = "<group>";
		};
		A285D46D2AD927F600DF45EE /* Preview Content */ = {
			isa = PBXGroup;
			children = (
			);
			path = "Preview Content";
			sourceTree = "<group>";
		};
/* End PBXGroup section */

/* Begin PBXNativeTarget section */
		A285D4632AD927F300DF45EE /* SwiftUIThienCodev */ = {
			isa = PBXNativeTarget;
			buildConfigurationList = A285D4722AD927F600DF45EE /* Build configuration list for PBXNativeTarget "SwiftUIThienCodev" */;
			buildPhases = (
				A285D4602AD927F300DF45EE /* Sources */,
				A285D4612AD927F300DF45EE /* Frameworks */,
				A285D4622AD927F300DF45EE /* Resources */,
			);
			buildRules = (
			);
			dependencies = (
			);
			name = SwiftUIThienCodev;
			packageProductDependencies = (
				A204A1D12ADFB54700EDEF21 /* Clock */,
			);
			productName = SwiftUIThienCodev;
			productReference = A285D4642AD927F300DF45EE /* SwiftUIThienCodev.app */;
			productType = "com.apple.product-type.application";
		};
/* End PBXNativeTarget section */

/* Begin PBXProject section */
		A285D45C2AD927F300DF45EE /* Project object */ = {
			isa = PBXProject;
			attributes = {
				BuildIndependentTargetsInParallel = 1;
				LastSwiftUpdateCheck = 1420;
				LastUpgradeCheck = 1420;
				TargetAttributes = {
					A285D4632AD927F300DF45EE = {
						CreatedOnToolsVersion = 14.2;
					};
				};
			};
			buildConfigurationList = A285D45F2AD927F300DF45EE /* Build configuration list for PBXProject "SwiftUIThienCodev" */;
			compatibilityVersion = "Xcode 14.0";
			developmentRegion = en;
			hasScannedForEncodings = 0;
			knownRegions = (
				en,
				Base,
			);
			mainGroup = A285D45B2AD927F300DF45EE;
			productRefGroup = A285D4652AD927F300DF45EE /* Products */;
			projectDirPath = "";
			projectRoot = "";
			targets = (
				A285D4632AD927F300DF45EE /* SwiftUIThienCodev */,
			);
		};
/* End PBXProject section */

/* Begin PBXResourcesBuildPhase section */
		A285D4622AD927F300DF45EE /* Resources */ = {
			isa = PBXResourcesBuildPhase;
			buildActionMask = 2147483647;
			files = (
				A285D47C2ADD3B5500DF45EE /* CustomItemView.xib in Resources */,
				A285D4762ADD33C800DF45EE /* CustomView.xib in Resources */,
			);
			runOnlyForDeploymentPostprocessing = 0;
		};
/* End PBXResourcesBuildPhase section */

/* Begin PBXSourcesBuildPhase section */
		A285D4602AD927F300DF45EE /* Sources */ = {
			isa = PBXSourcesBuildPhase;
			buildActionMask = 2147483647;
			files = (
				8B8E3D9B2AE8390F009D9E7E /* Helper.swift in Sources */,
				A285D4782ADD354F00DF45EE /* CustomView.swift in Sources */,
				A2B8372C2AE2697300B524C8 /* DemoPhindAI.swift in Sources */,
				A2137CE22AE67AEE00788B97 /* MagicCircle.swift in Sources */,
				8B8E3D9D2AE83B99009D9E7E /* Logic.swift in Sources */,
				A285D4802ADD446700DF45EE /* CustomViewSwiftUI.swift in Sources */,
				A2B837302AE6072C00B524C8 /* DemoPhindAIVM.swift in Sources */,
				A285D46A2AD927F300DF45EE /* ContentView.swift in Sources */,
				8B8E3DA02AE96BBF009D9E7E /* ParalaxScrolling.swift in Sources */,
				8B8E3D9A2AE8390F009D9E7E /* SwiftUIThienCodevApp.swift in Sources */,
				A2AC73182AE12DDF00EAFE3C /* LoginView.swift in Sources */,
				A2DD04002AE227A3004C2A86 /* LoginVM.swift in Sources */,
				A285D47E2ADD3BB800DF45EE /* CustomItemView.swift in Sources */,
			);
			runOnlyForDeploymentPostprocessing = 0;
		};
/* End PBXSourcesBuildPhase section */

/* Begin XCBuildConfiguration section */
		A285D4702AD927F600DF45EE /* Debug */ = {
			isa = XCBuildConfiguration;
			buildSettings = {
				ALWAYS_SEARCH_USER_PATHS = NO;
				CLANG_ANALYZER_NONNULL = YES;
				CLANG_ANALYZER_NUMBER_OBJECT_CONVERSION = YES_AGGRESSIVE;
				CLANG_CXX_LANGUAGE_STANDARD = "gnu++20";
				CLANG_ENABLE_MODULES = YES;
				CLANG_ENABLE_OBJC_ARC = YES;
				CLANG_ENABLE_OBJC_WEAK = YES;
				CLANG_WARN_BLOCK_CAPTURE_AUTORELEASING = YES;
				CLANG_WARN_BOOL_CONVERSION = YES;
				CLANG_WARN_COMMA = YES;
				CLANG_WARN_CONSTANT_CONVERSION = YES;
				CLANG_WARN_DEPRECATED_OBJC_IMPLEMENTATIONS = YES;
				CLANG_WARN_DIRECT_OBJC_ISA_USAGE = YES_ERROR;
				CLANG_WARN_DOCUMENTATION_COMMENTS = YES;
				CLANG_WARN_EMPTY_BODY = YES;
				CLANG_WARN_ENUM_CONVERSION = YES;
				CLANG_WARN_INFINITE_RECURSION = YES;
				CLANG_WARN_INT_CONVERSION = YES;
				CLANG_WARN_NON_LITERAL_NULL_CONVERSION = YES;
				CLANG_WARN_OBJC_IMPLICIT_RETAIN_SELF = YES;
				CLANG_WARN_OBJC_LITERAL_CONVERSION = YES;
				CLANG_WARN_OBJC_ROOT_CLASS = YES_ERROR;
				CLANG_WARN_QUOTED_INCLUDE_IN_FRAMEWORK_HEADER = YES;
				CLANG_WARN_RANGE_LOOP_ANALYSIS = YES;
				CLANG_WARN_STRICT_PROTOTYPES = YES;
				CLANG_WARN_SUSPICIOUS_MOVE = YES;
				CLANG_WARN_UNGUARDED_AVAILABILITY = YES_AGGRESSIVE;
				CLANG_WARN_UNREACHABLE_CODE = YES;
				CLANG_WARN__DUPLICATE_METHOD_MATCH = YES;
				COPY_PHASE_STRIP = NO;
				DEBUG_INFORMATION_FORMAT = dwarf;
				ENABLE_STRICT_OBJC_MSGSEND = YES;
				ENABLE_TESTABILITY = YES;
				GCC_C_LANGUAGE_STANDARD = gnu11;
				GCC_DYNAMIC_NO_PIC = NO;
				GCC_NO_COMMON_BLOCKS = YES;
				GCC_OPTIMIZATION_LEVEL = 0;
				GCC_PREPROCESSOR_DEFINITIONS = (
					"DEBUG=1",
					"$(inherited)",
				);
				GCC_WARN_64_TO_32_BIT_CONVERSION = YES;
				GCC_WARN_ABOUT_RETURN_TYPE = YES_ERROR;
				GCC_WARN_UNDECLARED_SELECTOR = YES;
				GCC_WARN_UNINITIALIZED_AUTOS = YES_AGGRESSIVE;
				GCC_WARN_UNUSED_FUNCTION = YES;
				GCC_WARN_UNUSED_VARIABLE = YES;
				IPHONEOS_DEPLOYMENT_TARGET = 16.2;
				MTL_ENABLE_DEBUG_INFO = INCLUDE_SOURCE;
				MTL_FAST_MATH = YES;
				ONLY_ACTIVE_ARCH = YES;
				SDKROOT = iphoneos;
				SWIFT_ACTIVE_COMPILATION_CONDITIONS = DEBUG;
				SWIFT_OPTIMIZATION_LEVEL = "-Onone";
			};
			name = Debug;
		};
		A285D4712AD927F600DF45EE /* Release */ = {
			isa = XCBuildConfiguration;
			buildSettings = {
				ALWAYS_SEARCH_USER_PATHS = NO;
				CLANG_ANALYZER_NONNULL = YES;
				CLANG_ANALYZER_NUMBER_OBJECT_CONVERSION = YES_AGGRESSIVE;
				CLANG_CXX_LANGUAGE_STANDARD = "gnu++20";
				CLANG_ENABLE_MODULES = YES;
				CLANG_ENABLE_OBJC_ARC = YES;
				CLANG_ENABLE_OBJC_WEAK = YES;
				CLANG_WARN_BLOCK_CAPTURE_AUTORELEASING = YES;
				CLANG_WARN_BOOL_CONVERSION = YES;
				CLANG_WARN_COMMA = YES;
				CLANG_WARN_CONSTANT_CONVERSION = YES;
				CLANG_WARN_DEPRECATED_OBJC_IMPLEMENTATIONS = YES;
				CLANG_WARN_DIRECT_OBJC_ISA_USAGE = YES_ERROR;
				CLANG_WARN_DOCUMENTATION_COMMENTS = YES;
				CLANG_WARN_EMPTY_BODY = YES;
				CLANG_WARN_ENUM_CONVERSION = YES;
				CLANG_WARN_INFINITE_RECURSION = YES;
				CLANG_WARN_INT_CONVERSION = YES;
				CLANG_WARN_NON_LITERAL_NULL_CONVERSION = YES;
				CLANG_WARN_OBJC_IMPLICIT_RETAIN_SELF = YES;
				CLANG_WARN_OBJC_LITERAL_CONVERSION = YES;
				CLANG_WARN_OBJC_ROOT_CLASS = YES_ERROR;
				CLANG_WARN_QUOTED_INCLUDE_IN_FRAMEWORK_HEADER = YES;
				CLANG_WARN_RANGE_LOOP_ANALYSIS = YES;
				CLANG_WARN_STRICT_PROTOTYPES = YES;
				CLANG_WARN_SUSPICIOUS_MOVE = YES;
				CLANG_WARN_UNGUARDED_AVAILABILITY = YES_AGGRESSIVE;
				CLANG_WARN_UNREACHABLE_CODE = YES;
				CLANG_WARN__DUPLICATE_METHOD_MATCH = YES;
				COPY_PHASE_STRIP = NO;
				DEBUG_INFORMATION_FORMAT = "dwarf-with-dsym";
				ENABLE_NS_ASSERTIONS = NO;
				ENABLE_STRICT_OBJC_MSGSEND = YES;
				GCC_C_LANGUAGE_STANDARD = gnu11;
				GCC_NO_COMMON_BLOCKS = YES;
				GCC_WARN_64_TO_32_BIT_CONVERSION = YES;
				GCC_WARN_ABOUT_RETURN_TYPE = YES_ERROR;
				GCC_WARN_UNDECLARED_SELECTOR = YES;
				GCC_WARN_UNINITIALIZED_AUTOS = YES_AGGRESSIVE;
				GCC_WARN_UNUSED_FUNCTION = YES;
				GCC_WARN_UNUSED_VARIABLE = YES;
				IPHONEOS_DEPLOYMENT_TARGET = 16.2;
				MTL_ENABLE_DEBUG_INFO = NO;
				MTL_FAST_MATH = YES;
				SDKROOT = iphoneos;
				SWIFT_COMPILATION_MODE = wholemodule;
				SWIFT_OPTIMIZATION_LEVEL = "-O";
				VALIDATE_PRODUCT = YES;
			};
			name = Release;
		};
		A285D4732AD927F600DF45EE /* Debug */ = {
			isa = XCBuildConfiguration;
			buildSettings = {
				ASSETCATALOG_COMPILER_APPICON_NAME = AppIcon;
				ASSETCATALOG_COMPILER_GLOBAL_ACCENT_COLOR_NAME = AccentColor;
				CODE_SIGN_STYLE = Automatic;
				CURRENT_PROJECT_VERSION = 1;
				DEVELOPMENT_ASSET_PATHS = "\"SwiftUIThienCodev/Preview Content\"";
				DEVELOPMENT_TEAM = 95XVN448CF;
				ENABLE_PREVIEWS = YES;
				GENERATE_INFOPLIST_FILE = YES;
				INFOPLIST_KEY_UIApplicationSceneManifest_Generation = YES;
				INFOPLIST_KEY_UIApplicationSupportsIndirectInputEvents = YES;
				INFOPLIST_KEY_UILaunchScreen_Generation = YES;
				INFOPLIST_KEY_UISupportedInterfaceOrientations_iPad = "UIInterfaceOrientationPortrait UIInterfaceOrientationPortraitUpsideDown UIInterfaceOrientationLandscapeLeft UIInterfaceOrientationLandscapeRight";
				INFOPLIST_KEY_UISupportedInterfaceOrientations_iPhone = "UIInterfaceOrientationPortrait UIInterfaceOrientationLandscapeLeft UIInterfaceOrientationLandscapeRight";
				LD_RUNPATH_SEARCH_PATHS = (
					"$(inherited)",
					"@executable_path/Frameworks",
				);
				MARKETING_VERSION = 1.0;
				PRODUCT_BUNDLE_IDENTIFIER = com.thiencodev.SwiftUIThienCodev;
				PRODUCT_NAME = "$(TARGET_NAME)";
				SWIFT_EMIT_LOC_STRINGS = YES;
				SWIFT_VERSION = 5.0;
				TARGETED_DEVICE_FAMILY = "1,2";
			};
			name = Debug;
		};
		A285D4742AD927F600DF45EE /* Release */ = {
			isa = XCBuildConfiguration;
			buildSettings = {
				ASSETCATALOG_COMPILER_APPICON_NAME = AppIcon;
				ASSETCATALOG_COMPILER_GLOBAL_ACCENT_COLOR_NAME = AccentColor;
				CODE_SIGN_STYLE = Automatic;
				CURRENT_PROJECT_VERSION = 1;
				DEVELOPMENT_ASSET_PATHS = "\"SwiftUIThienCodev/Preview Content\"";
				DEVELOPMENT_TEAM = 95XVN448CF;
				ENABLE_PREVIEWS = YES;
				GENERATE_INFOPLIST_FILE = YES;
				INFOPLIST_KEY_UIApplicationSceneManifest_Generation = YES;
				INFOPLIST_KEY_UIApplicationSupportsIndirectInputEvents = YES;
				INFOPLIST_KEY_UILaunchScreen_Generation = YES;
				INFOPLIST_KEY_UISupportedInterfaceOrientations_iPad = "UIInterfaceOrientationPortrait UIInterfaceOrientationPortraitUpsideDown UIInterfaceOrientationLandscapeLeft UIInterfaceOrientationLandscapeRight";
				INFOPLIST_KEY_UISupportedInterfaceOrientations_iPhone = "UIInterfaceOrientationPortrait UIInterfaceOrientationLandscapeLeft UIInterfaceOrientationLandscapeRight";
				LD_RUNPATH_SEARCH_PATHS = (
					"$(inherited)",
					"@executable_path/Frameworks",
				);
				MARKETING_VERSION = 1.0;
				PRODUCT_BUNDLE_IDENTIFIER = com.thiencodev.SwiftUIThienCodev;
				PRODUCT_NAME = "$(TARGET_NAME)";
				SWIFT_EMIT_LOC_STRINGS = YES;
				SWIFT_VERSION = 5.0;
				TARGETED_DEVICE_FAMILY = "1,2";
			};
			name = Release;
		};
/* End XCBuildConfiguration section */

/* Begin XCConfigurationList section */
		A285D45F2AD927F300DF45EE /* Build configuration list for PBXProject "SwiftUIThienCodev" */ = {
			isa = XCConfigurationList;
			buildConfigurations = (
				A285D4702AD927F600DF45EE /* Debug */,
				A285D4712AD927F600DF45EE /* Release */,
			);
			defaultConfigurationIsVisible = 0;
			defaultConfigurationName = Release;
		};
		A285D4722AD927F600DF45EE /* Build configuration list for PBXNativeTarget "SwiftUIThienCodev" */ = {
			isa = XCConfigurationList;
			buildConfigurations = (
				A285D4732AD927F600DF45EE /* Debug */,
				A285D4742AD927F600DF45EE /* Release */,
			);
			defaultConfigurationIsVisible = 0;
			defaultConfigurationName = Release;
		};
/* End XCConfigurationList section */

/* Begin XCSwiftPackageProductDependency section */
		A204A1D12ADFB54700EDEF21 /* Clock */ = {
			isa = XCSwiftPackageProductDependency;
			productName = Clock;
		};
/* End XCSwiftPackageProductDependency section */
	};
	rootObject = A285D45C2AD927F300DF45EE /* Project object */;
}
